// !$*UTF8*$!
{
	archiveVersion = 1;
	classes = {
	};
	objectVersion = 46;
	objects = {

/* Begin PBXBuildFile section */
		700155351B7C4D3D002DB978 /* dude.atlas in Resources */ = {isa = PBXBuildFile; fileRef = 700155341B7C4D3D002DB978 /* dude.atlas */; };
		700155371B7D55AD002DB978 /* heartbeat.wav in Resources */ = {isa = PBXBuildFile; fileRef = 700155361B7D55AD002DB978 /* heartbeat.wav */; };
		704B7A5F1B8E787B005D7791 /* Play.png in Resources */ = {isa = PBXBuildFile; fileRef = 704B7A5E1B8E787B005D7791 /* Play.png */; };
		704B7A611B8E7A71005D7791 /* HowToPlay.png in Resources */ = {isa = PBXBuildFile; fileRef = 704B7A601B8E7A71005D7791 /* HowToPlay.png */; };
		704B7A631B8E7B2F005D7791 /* Credits.png in Resources */ = {isa = PBXBuildFile; fileRef = 704B7A621B8E7B2F005D7791 /* Credits.png */; };
		704B7A651B8E88C1005D7791 /* Logo.png in Resources */ = {isa = PBXBuildFile; fileRef = 704B7A641B8E88C1005D7791 /* Logo.png */; };
		704B7A671B8E9B3B005D7791 /* TitleImage.png in Resources */ = {isa = PBXBuildFile; fileRef = 704B7A661B8E9B3B005D7791 /* TitleImage.png */; };
		704B7A691B8EA4D9005D7791 /* Instructions.png in Resources */ = {isa = PBXBuildFile; fileRef = 704B7A681B8EA4D9005D7791 /* Instructions.png */; };
		704B7A6D1B8FC247005D7791 /* CreditInfo.png in Resources */ = {isa = PBXBuildFile; fileRef = 704B7A6C1B8FC247005D7791 /* CreditInfo.png */; };
		70A01D931B8682B900B680AD /* heart6.png in Resources */ = {isa = PBXBuildFile; fileRef = 70A01D921B8682B900B680AD /* heart6.png */; };
		70A01D951B868B8200B680AD /* pause.png in Resources */ = {isa = PBXBuildFile; fileRef = 70A01D941B868B8200B680AD /* pause.png */; };
		70A01D971B89037000B680AD /* changing.atlas in Resources */ = {isa = PBXBuildFile; fileRef = 70A01D961B89037000B680AD /* changing.atlas */; };
		70A01D9A1B8C723200B680AD /* GameMenuViewController.m in Sources */ = {isa = PBXBuildFile; fileRef = 70A01D991B8C723200B680AD /* GameMenuViewController.m */; };
		70A01D9D1B8C724800B680AD /* CreditsViewController.m in Sources */ = {isa = PBXBuildFile; fileRef = 70A01D9C1B8C724800B680AD /* CreditsViewController.m */; };
		70A01DA01B8C725700B680AD /* InstructionsViewController.m in Sources */ = {isa = PBXBuildFile; fileRef = 70A01D9F1B8C725700B680AD /* InstructionsViewController.m */; };
		70B9F3191B9E85A700C5FCC7 /* zombie.atlas in Resources */ = {isa = PBXBuildFile; fileRef = 70B9F3181B9E85A700C5FCC7 /* zombie.atlas */; };
		70B9F31C1BA23F2F00C5FCC7 /* GameOverScene.m in Sources */ = {isa = PBXBuildFile; fileRef = 70B9F31B1BA23F2F00C5FCC7 /* GameOverScene.m */; };
		70B9F31E1BA4638100C5FCC7 /* zombiesound1.wav in Resources */ = {isa = PBXBuildFile; fileRef = 70B9F31D1BA4638100C5FCC7 /* zombiesound1.wav */; };
		70B9F3201BA4647D00C5FCC7 /* footsteps1.wav in Resources */ = {isa = PBXBuildFile; fileRef = 70B9F31F1BA4647D00C5FCC7 /* footsteps1.wav */; };
		70B9F3281BA8D23300C5FCC7 /* Bolts.framework in Frameworks */ = {isa = PBXBuildFile; fileRef = 70B9F3221BA8D23300C5FCC7 /* Bolts.framework */; };
		70B9F3291BA8D23300C5FCC7 /* Parse.framework in Frameworks */ = {isa = PBXBuildFile; fileRef = 70B9F3231BA8D23300C5FCC7 /* Parse.framework */; };
		70B9F32A1BA8D23300C5FCC7 /* ParseCrashReporting.framework in Frameworks */ = {isa = PBXBuildFile; fileRef = 70B9F3241BA8D23300C5FCC7 /* ParseCrashReporting.framework */; };
		70B9F32B1BA8D23300C5FCC7 /* ParseFacebookUtils.framework in Frameworks */ = {isa = PBXBuildFile; fileRef = 70B9F3251BA8D23300C5FCC7 /* ParseFacebookUtils.framework */; };
		70B9F32C1BA8D23300C5FCC7 /* ParseFacebookUtilsV4.framework in Frameworks */ = {isa = PBXBuildFile; fileRef = 70B9F3261BA8D23300C5FCC7 /* ParseFacebookUtilsV4.framework */; };
		70B9F32D1BA8D23300C5FCC7 /* ParseUI.framework in Frameworks */ = {isa = PBXBuildFile; fileRef = 70B9F3271BA8D23300C5FCC7 /* ParseUI.framework */; };
		70B9F32F1BA8D24C00C5FCC7 /* CoreLocation.framework in Frameworks */ = {isa = PBXBuildFile; fileRef = 70B9F32E1BA8D24C00C5FCC7 /* CoreLocation.framework */; };
		70B9F3311BA8D36200C5FCC7 /* StoreKit.framework in Frameworks */ = {isa = PBXBuildFile; fileRef = 70B9F3301BA8D36200C5FCC7 /* StoreKit.framework */; };
		70B9F3331BA8D36E00C5FCC7 /* CoreGraphics.framework in Frameworks */ = {isa = PBXBuildFile; fileRef = 70B9F3321BA8D36E00C5FCC7 /* CoreGraphics.framework */; };
		70B9F3351BA8D38400C5FCC7 /* libstdc++.6.dylib in Frameworks */ = {isa = PBXBuildFile; fileRef = 70B9F3341BA8D38400C5FCC7 /* libstdc++.6.dylib */; };
		70B9F3371BA8D39300C5FCC7 /* libsqlite3.dylib in Frameworks */ = {isa = PBXBuildFile; fileRef = 70B9F3361BA8D39300C5FCC7 /* libsqlite3.dylib */; };
		70B9F3391BA8D39E00C5FCC7 /* QuartzCore.framework in Frameworks */ = {isa = PBXBuildFile; fileRef = 70B9F3381BA8D39E00C5FCC7 /* QuartzCore.framework */; };
		70B9F33B1BA8D3A800C5FCC7 /* libz.1.1.3.dylib in Frameworks */ = {isa = PBXBuildFile; fileRef = 70B9F33A1BA8D3A800C5FCC7 /* libz.1.1.3.dylib */; };
		70B9F33D1BA8D3AF00C5FCC7 /* Security.framework in Frameworks */ = {isa = PBXBuildFile; fileRef = 70B9F33C1BA8D3AF00C5FCC7 /* Security.framework */; };
		70B9F33F1BA8D3B800C5FCC7 /* AudioToolbox.framework in Frameworks */ = {isa = PBXBuildFile; fileRef = 70B9F33E1BA8D3B800C5FCC7 /* AudioToolbox.framework */; };
		70B9F3411BA8D3C400C5FCC7 /* SystemConfiguration.framework in Frameworks */ = {isa = PBXBuildFile; fileRef = 70B9F3401BA8D3C400C5FCC7 /* SystemConfiguration.framework */; };
		70B9F3431BA8D3CB00C5FCC7 /* CFNetwork.framework in Frameworks */ = {isa = PBXBuildFile; fileRef = 70B9F3421BA8D3CB00C5FCC7 /* CFNetwork.framework */; };
		70B9F3451BA8D3D500C5FCC7 /* UIKit.framework in Frameworks */ = {isa = PBXBuildFile; fileRef = 70B9F3441BA8D3D500C5FCC7 /* UIKit.framework */; };
		70B9F3471BA8D3DC00C5FCC7 /* Foundation.framework in Frameworks */ = {isa = PBXBuildFile; fileRef = 70B9F3461BA8D3DC00C5FCC7 /* Foundation.framework */; };
		70B9F34C1BAA42FA00C5FCC7 /* LeaderboardViewController.m in Sources */ = {isa = PBXBuildFile; fileRef = 70B9F34B1BAA42FA00C5FCC7 /* LeaderboardViewController.m */; };
		70B9F34F1BAB876700C5FCC7 /* AlphaLeadViewController.m in Sources */ = {isa = PBXBuildFile; fileRef = 70B9F34E1BAB876700C5FCC7 /* AlphaLeadViewController.m */; };
		70B9F3521BB0726F00C5FCC7 /* LoginViewController.m in Sources */ = {isa = PBXBuildFile; fileRef = 70B9F3511BB0726F00C5FCC7 /* LoginViewController.m */; };
		70B9F3541BB0B18E00C5FCC7 /* LeaderboardButtonImage.png in Resources */ = {isa = PBXBuildFile; fileRef = 70B9F3531BB0B18E00C5FCC7 /* LeaderboardButtonImage.png */; };
		70DD7DDE1B72C7FB00F5835F /* main.m in Sources */ = {isa = PBXBuildFile; fileRef = 70DD7DDD1B72C7FB00F5835F /* main.m */; };
		70DD7DE11B72C7FB00F5835F /* AppDelegate.m in Sources */ = {isa = PBXBuildFile; fileRef = 70DD7DE01B72C7FB00F5835F /* AppDelegate.m */; };
		70DD7DE41B72C7FB00F5835F /* GameScene.m in Sources */ = {isa = PBXBuildFile; fileRef = 70DD7DE31B72C7FB00F5835F /* GameScene.m */; };
		70DD7DE61B72C7FB00F5835F /* GameScene.sks in Resources */ = {isa = PBXBuildFile; fileRef = 70DD7DE51B72C7FB00F5835F /* GameScene.sks */; };
		70DD7DE91B72C7FB00F5835F /* GameViewController.m in Sources */ = {isa = PBXBuildFile; fileRef = 70DD7DE81B72C7FB00F5835F /* GameViewController.m */; };
		70DD7DEC1B72C7FB00F5835F /* Main.storyboard in Resources */ = {isa = PBXBuildFile; fileRef = 70DD7DEA1B72C7FB00F5835F /* Main.storyboard */; };
		70DD7DEE1B72C7FB00F5835F /* Images.xcassets in Resources */ = {isa = PBXBuildFile; fileRef = 70DD7DED1B72C7FB00F5835F /* Images.xcassets */; };
		70DD7DF11B72C7FB00F5835F /* LaunchScreen.xib in Resources */ = {isa = PBXBuildFile; fileRef = 70DD7DEF1B72C7FB00F5835F /* LaunchScreen.xib */; };
		70DD7DFD1B72C7FB00F5835F /* MGDProjectTests.m in Sources */ = {isa = PBXBuildFile; fileRef = 70DD7DFC1B72C7FB00F5835F /* MGDProjectTests.m */; };
		70DD7E091B75A75100F5835F /* background.png in Resources */ = {isa = PBXBuildFile; fileRef = 70DD7E081B75A75100F5835F /* background.png */; };
		70DD7E0B1B7646A100F5835F /* background1.png in Resources */ = {isa = PBXBuildFile; fileRef = 70DD7E0A1B7646A100F5835F /* background1.png */; };
		70DD7E111B76743E00F5835F /* zombiesound.wav in Resources */ = {isa = PBXBuildFile; fileRef = 70DD7E101B76743E00F5835F /* zombiesound.wav */; };
		70DD7E131B76C13800F5835F /* footsteps.wav in Resources */ = {isa = PBXBuildFile; fileRef = 70DD7E121B76C13800F5835F /* footsteps.wav */; };
/* End PBXBuildFile section */

/* Begin PBXContainerItemProxy section */
		70DD7DF71B72C7FB00F5835F /* PBXContainerItemProxy */ = {
			isa = PBXContainerItemProxy;
			containerPortal = 70DD7DD01B72C7FA00F5835F /* Project object */;
			proxyType = 1;
			remoteGlobalIDString = 70DD7DD71B72C7FB00F5835F;
			remoteInfo = MGDProject;
		};
/* End PBXContainerItemProxy section */

/* Begin PBXFileReference section */
		700155341B7C4D3D002DB978 /* dude.atlas */ = {isa = PBXFileReference; lastKnownFileType = folder.skatlas; path = dude.atlas; sourceTree = "<group>"; };
		700155361B7D55AD002DB978 /* heartbeat.wav */ = {isa = PBXFileReference; lastKnownFileType = audio.wav; path = heartbeat.wav; sourceTree = "<group>"; };
		704B7A5E1B8E787B005D7791 /* Play.png */ = {isa = PBXFileReference; lastKnownFileType = image.png; path = Play.png; sourceTree = "<group>"; };
		704B7A601B8E7A71005D7791 /* HowToPlay.png */ = {isa = PBXFileReference; lastKnownFileType = image.png; path = HowToPlay.png; sourceTree = "<group>"; };
		704B7A621B8E7B2F005D7791 /* Credits.png */ = {isa = PBXFileReference; lastKnownFileType = image.png; path = Credits.png; sourceTree = "<group>"; };
		704B7A641B8E88C1005D7791 /* Logo.png */ = {isa = PBXFileReference; lastKnownFileType = image.png; path = Logo.png; sourceTree = "<group>"; };
		704B7A661B8E9B3B005D7791 /* TitleImage.png */ = {isa = PBXFileReference; lastKnownFileType = image.png; path = TitleImage.png; sourceTree = "<group>"; };
		704B7A681B8EA4D9005D7791 /* Instructions.png */ = {isa = PBXFileReference; lastKnownFileType = image.png; path = Instructions.png; sourceTree = "<group>"; };
		704B7A6C1B8FC247005D7791 /* CreditInfo.png */ = {isa = PBXFileReference; lastKnownFileType = image.png; path = CreditInfo.png; sourceTree = "<group>"; };
		70A01D921B8682B900B680AD /* heart6.png */ = {isa = PBXFileReference; lastKnownFileType = image.png; path = heart6.png; sourceTree = "<group>"; };
		70A01D941B868B8200B680AD /* pause.png */ = {isa = PBXFileReference; lastKnownFileType = image.png; path = pause.png; sourceTree = "<group>"; };
		70A01D961B89037000B680AD /* changing.atlas */ = {isa = PBXFileReference; lastKnownFileType = folder.skatlas; path = changing.atlas; sourceTree = "<group>"; };
		70A01D981B8C723200B680AD /* GameMenuViewController.h */ = {isa = PBXFileReference; fileEncoding = 4; lastKnownFileType = sourcecode.c.h; path = GameMenuViewController.h; sourceTree = "<group>"; };
		70A01D991B8C723200B680AD /* GameMenuViewController.m */ = {isa = PBXFileReference; fileEncoding = 4; lastKnownFileType = sourcecode.c.objc; path = GameMenuViewController.m; sourceTree = "<group>"; };
		70A01D9B1B8C724800B680AD /* CreditsViewController.h */ = {isa = PBXFileReference; fileEncoding = 4; lastKnownFileType = sourcecode.c.h; path = CreditsViewController.h; sourceTree = "<group>"; };
		70A01D9C1B8C724800B680AD /* CreditsViewController.m */ = {isa = PBXFileReference; fileEncoding = 4; lastKnownFileType = sourcecode.c.objc; path = CreditsViewController.m; sourceTree = "<group>"; };
		70A01D9E1B8C725700B680AD /* InstructionsViewController.h */ = {isa = PBXFileReference; fileEncoding = 4; lastKnownFileType = sourcecode.c.h; path = InstructionsViewController.h; sourceTree = "<group>"; };
		70A01D9F1B8C725700B680AD /* InstructionsViewController.m */ = {isa = PBXFileReference; fileEncoding = 4; lastKnownFileType = sourcecode.c.objc; path = InstructionsViewController.m; sourceTree = "<group>"; };
		70B9F3181B9E85A700C5FCC7 /* zombie.atlas */ = {isa = PBXFileReference; lastKnownFileType = folder.skatlas; path = zombie.atlas; sourceTree = "<group>"; };
		70B9F31A1BA23F2F00C5FCC7 /* GameOverScene.h */ = {isa = PBXFileReference; fileEncoding = 4; lastKnownFileType = sourcecode.c.h; path = GameOverScene.h; sourceTree = "<group>"; };
		70B9F31B1BA23F2F00C5FCC7 /* GameOverScene.m */ = {isa = PBXFileReference; fileEncoding = 4; lastKnownFileType = sourcecode.c.objc; path = GameOverScene.m; sourceTree = "<group>"; };
		70B9F31D1BA4638100C5FCC7 /* zombiesound1.wav */ = {isa = PBXFileReference; lastKnownFileType = audio.wav; path = zombiesound1.wav; sourceTree = "<group>"; };
		70B9F31F1BA4647D00C5FCC7 /* footsteps1.wav */ = {isa = PBXFileReference; lastKnownFileType = audio.wav; path = footsteps1.wav; sourceTree = "<group>"; };
		70B9F3221BA8D23300C5FCC7 /* Bolts.framework */ = {isa = PBXFileReference; lastKnownFileType = wrapper.framework; name = Bolts.framework; path = "../../Desktop/untitled folder 2/Bolts.framework"; sourceTree = "<group>"; };
		70B9F3231BA8D23300C5FCC7 /* Parse.framework */ = {isa = PBXFileReference; lastKnownFileType = wrapper.framework; name = Parse.framework; path = "../../Desktop/untitled folder 2/Parse.framework"; sourceTree = "<group>"; };
		70B9F3241BA8D23300C5FCC7 /* ParseCrashReporting.framework */ = {isa = PBXFileReference; lastKnownFileType = wrapper.framework; name = ParseCrashReporting.framework; path = "../../Desktop/untitled folder 2/ParseCrashReporting.framework"; sourceTree = "<group>"; };
		70B9F3251BA8D23300C5FCC7 /* ParseFacebookUtils.framework */ = {isa = PBXFileReference; lastKnownFileType = wrapper.framework; name = ParseFacebookUtils.framework; path = "../../Desktop/untitled folder 2/ParseFacebookUtils.framework"; sourceTree = "<group>"; };
		70B9F3261BA8D23300C5FCC7 /* ParseFacebookUtilsV4.framework */ = {isa = PBXFileReference; lastKnownFileType = wrapper.framework; name = ParseFacebookUtilsV4.framework; path = "../../Desktop/untitled folder 2/ParseFacebookUtilsV4.framework"; sourceTree = "<group>"; };
		70B9F3271BA8D23300C5FCC7 /* ParseUI.framework */ = {isa = PBXFileReference; lastKnownFileType = wrapper.framework; name = ParseUI.framework; path = "../../Desktop/untitled folder 2/ParseUI.framework"; sourceTree = "<group>"; };
		70B9F32E1BA8D24C00C5FCC7 /* CoreLocation.framework */ = {isa = PBXFileReference; lastKnownFileType = wrapper.framework; name = CoreLocation.framework; path = System/Library/Frameworks/CoreLocation.framework; sourceTree = SDKROOT; };
		70B9F3301BA8D36200C5FCC7 /* StoreKit.framework */ = {isa = PBXFileReference; lastKnownFileType = wrapper.framework; name = StoreKit.framework; path = System/Library/Frameworks/StoreKit.framework; sourceTree = SDKROOT; };
		70B9F3321BA8D36E00C5FCC7 /* CoreGraphics.framework */ = {isa = PBXFileReference; lastKnownFileType = wrapper.framework; name = CoreGraphics.framework; path = System/Library/Frameworks/CoreGraphics.framework; sourceTree = SDKROOT; };
		70B9F3341BA8D38400C5FCC7 /* libstdc++.6.dylib */ = {isa = PBXFileReference; lastKnownFileType = "compiled.mach-o.dylib"; name = "libstdc++.6.dylib"; path = "usr/lib/libstdc++.6.dylib"; sourceTree = SDKROOT; };
		70B9F3361BA8D39300C5FCC7 /* libsqlite3.dylib */ = {isa = PBXFileReference; lastKnownFileType = "compiled.mach-o.dylib"; name = libsqlite3.dylib; path = usr/lib/libsqlite3.dylib; sourceTree = SDKROOT; };
		70B9F3381BA8D39E00C5FCC7 /* QuartzCore.framework */ = {isa = PBXFileReference; lastKnownFileType = wrapper.framework; name = QuartzCore.framework; path = System/Library/Frameworks/QuartzCore.framework; sourceTree = SDKROOT; };
		70B9F33A1BA8D3A800C5FCC7 /* libz.1.1.3.dylib */ = {isa = PBXFileReference; lastKnownFileType = "compiled.mach-o.dylib"; name = libz.1.1.3.dylib; path = usr/lib/libz.1.1.3.dylib; sourceTree = SDKROOT; };
		70B9F33C1BA8D3AF00C5FCC7 /* Security.framework */ = {isa = PBXFileReference; lastKnownFileType = wrapper.framework; name = Security.framework; path = System/Library/Frameworks/Security.framework; sourceTree = SDKROOT; };
		70B9F33E1BA8D3B800C5FCC7 /* AudioToolbox.framework */ = {isa = PBXFileReference; lastKnownFileType = wrapper.framework; name = AudioToolbox.framework; path = System/Library/Frameworks/AudioToolbox.framework; sourceTree = SDKROOT; };
		70B9F3401BA8D3C400C5FCC7 /* SystemConfiguration.framework */ = {isa = PBXFileReference; lastKnownFileType = wrapper.framework; name = SystemConfiguration.framework; path = System/Library/Frameworks/SystemConfiguration.framework; sourceTree = SDKROOT; };
		70B9F3421BA8D3CB00C5FCC7 /* CFNetwork.framework */ = {isa = PBXFileReference; lastKnownFileType = wrapper.framework; name = CFNetwork.framework; path = System/Library/Frameworks/CFNetwork.framework; sourceTree = SDKROOT; };
		70B9F3441BA8D3D500C5FCC7 /* UIKit.framework */ = {isa = PBXFileReference; lastKnownFileType = wrapper.framework; name = UIKit.framework; path = System/Library/Frameworks/UIKit.framework; sourceTree = SDKROOT; };
		70B9F3461BA8D3DC00C5FCC7 /* Foundation.framework */ = {isa = PBXFileReference; lastKnownFileType = wrapper.framework; name = Foundation.framework; path = System/Library/Frameworks/Foundation.framework; sourceTree = SDKROOT; };
		70B9F34A1BAA42FA00C5FCC7 /* LeaderboardViewController.h */ = {isa = PBXFileReference; fileEncoding = 4; lastKnownFileType = sourcecode.c.h; path = LeaderboardViewController.h; sourceTree = "<group>"; };
		70B9F34B1BAA42FA00C5FCC7 /* LeaderboardViewController.m */ = {isa = PBXFileReference; fileEncoding = 4; lastKnownFileType = sourcecode.c.objc; path = LeaderboardViewController.m; sourceTree = "<group>"; };
		70B9F34D1BAB876700C5FCC7 /* AlphaLeadViewController.h */ = {isa = PBXFileReference; fileEncoding = 4; lastKnownFileType = sourcecode.c.h; path = AlphaLeadViewController.h; sourceTree = "<group>"; };
		70B9F34E1BAB876700C5FCC7 /* AlphaLeadViewController.m */ = {isa = PBXFileReference; fileEncoding = 4; lastKnownFileType = sourcecode.c.objc; path = AlphaLeadViewController.m; sourceTree = "<group>"; };
		70B9F3501BB0726F00C5FCC7 /* LoginViewController.h */ = {isa = PBXFileReference; fileEncoding = 4; lastKnownFileType = sourcecode.c.h; path = LoginViewController.h; sourceTree = "<group>"; };
		70B9F3511BB0726F00C5FCC7 /* LoginViewController.m */ = {isa = PBXFileReference; fileEncoding = 4; lastKnownFileType = sourcecode.c.objc; path = LoginViewController.m; sourceTree = "<group>"; };
		70B9F3531BB0B18E00C5FCC7 /* LeaderboardButtonImage.png */ = {isa = PBXFileReference; lastKnownFileType = image.png; path = LeaderboardButtonImage.png; sourceTree = "<group>"; };
		70DD7DD81B72C7FB00F5835F /* MGDProject.app */ = {isa = PBXFileReference; explicitFileType = wrapper.application; includeInIndex = 0; path = MGDProject.app; sourceTree = BUILT_PRODUCTS_DIR; };
		70DD7DDC1B72C7FB00F5835F /* Info.plist */ = {isa = PBXFileReference; lastKnownFileType = text.plist.xml; path = Info.plist; sourceTree = "<group>"; };
		70DD7DDD1B72C7FB00F5835F /* main.m */ = {isa = PBXFileReference; lastKnownFileType = sourcecode.c.objc; path = main.m; sourceTree = "<group>"; };
		70DD7DDF1B72C7FB00F5835F /* AppDelegate.h */ = {isa = PBXFileReference; lastKnownFileType = sourcecode.c.h; path = AppDelegate.h; sourceTree = "<group>"; };
		70DD7DE01B72C7FB00F5835F /* AppDelegate.m */ = {isa = PBXFileReference; lastKnownFileType = sourcecode.c.objc; path = AppDelegate.m; sourceTree = "<group>"; };
		70DD7DE21B72C7FB00F5835F /* GameScene.h */ = {isa = PBXFileReference; lastKnownFileType = sourcecode.c.h; path = GameScene.h; sourceTree = "<group>"; };
		70DD7DE31B72C7FB00F5835F /* GameScene.m */ = {isa = PBXFileReference; lastKnownFileType = sourcecode.c.objc; path = GameScene.m; sourceTree = "<group>"; };
		70DD7DE51B72C7FB00F5835F /* GameScene.sks */ = {isa = PBXFileReference; lastKnownFileType = file.sks; path = GameScene.sks; sourceTree = "<group>"; };
		70DD7DE71B72C7FB00F5835F /* GameViewController.h */ = {isa = PBXFileReference; lastKnownFileType = sourcecode.c.h; path = GameViewController.h; sourceTree = "<group>"; };
		70DD7DE81B72C7FB00F5835F /* GameViewController.m */ = {isa = PBXFileReference; lastKnownFileType = sourcecode.c.objc; path = GameViewController.m; sourceTree = "<group>"; };
		70DD7DEB1B72C7FB00F5835F /* Base */ = {isa = PBXFileReference; lastKnownFileType = file.storyboard; name = Base; path = Base.lproj/Main.storyboard; sourceTree = "<group>"; };
		70DD7DED1B72C7FB00F5835F /* Images.xcassets */ = {isa = PBXFileReference; lastKnownFileType = folder.assetcatalog; path = Images.xcassets; sourceTree = "<group>"; };
		70DD7DF01B72C7FB00F5835F /* Base */ = {isa = PBXFileReference; lastKnownFileType = file.xib; name = Base; path = Base.lproj/LaunchScreen.xib; sourceTree = "<group>"; };
		70DD7DF61B72C7FB00F5835F /* MGDProjectTests.xctest */ = {isa = PBXFileReference; explicitFileType = wrapper.cfbundle; includeInIndex = 0; path = MGDProjectTests.xctest; sourceTree = BUILT_PRODUCTS_DIR; };
		70DD7DFB1B72C7FB00F5835F /* Info.plist */ = {isa = PBXFileReference; lastKnownFileType = text.plist.xml; path = Info.plist; sourceTree = "<group>"; };
		70DD7DFC1B72C7FB00F5835F /* MGDProjectTests.m */ = {isa = PBXFileReference; lastKnownFileType = sourcecode.c.objc; path = MGDProjectTests.m; sourceTree = "<group>"; };
		70DD7E081B75A75100F5835F /* background.png */ = {isa = PBXFileReference; lastKnownFileType = image.png; path = background.png; sourceTree = "<group>"; };
		70DD7E0A1B7646A100F5835F /* background1.png */ = {isa = PBXFileReference; lastKnownFileType = image.png; path = background1.png; sourceTree = "<group>"; };
		70DD7E101B76743E00F5835F /* zombiesound.wav */ = {isa = PBXFileReference; lastKnownFileType = audio.wav; path = zombiesound.wav; sourceTree = "<group>"; };
		70DD7E121B76C13800F5835F /* footsteps.wav */ = {isa = PBXFileReference; lastKnownFileType = audio.wav; path = footsteps.wav; sourceTree = "<group>"; };
/* End PBXFileReference section */

/* Begin PBXFrameworksBuildPhase section */
		70DD7DD51B72C7FB00F5835F /* Frameworks */ = {
			isa = PBXFrameworksBuildPhase;
			buildActionMask = 2147483647;
			files = (
				70B9F3471BA8D3DC00C5FCC7 /* Foundation.framework in Frameworks */,
				70B9F3451BA8D3D500C5FCC7 /* UIKit.framework in Frameworks */,
				70B9F3431BA8D3CB00C5FCC7 /* CFNetwork.framework in Frameworks */,
				70B9F3411BA8D3C400C5FCC7 /* SystemConfiguration.framework in Frameworks */,
				70B9F33F1BA8D3B800C5FCC7 /* AudioToolbox.framework in Frameworks */,
				70B9F33D1BA8D3AF00C5FCC7 /* Security.framework in Frameworks */,
				70B9F33B1BA8D3A800C5FCC7 /* libz.1.1.3.dylib in Frameworks */,
				70B9F3391BA8D39E00C5FCC7 /* QuartzCore.framework in Frameworks */,
				70B9F3371BA8D39300C5FCC7 /* libsqlite3.dylib in Frameworks */,
				70B9F3351BA8D38400C5FCC7 /* libstdc++.6.dylib in Frameworks */,
				70B9F3331BA8D36E00C5FCC7 /* CoreGraphics.framework in Frameworks */,
				70B9F3311BA8D36200C5FCC7 /* StoreKit.framework in Frameworks */,
				70B9F32F1BA8D24C00C5FCC7 /* CoreLocation.framework in Frameworks */,
				70B9F3281BA8D23300C5FCC7 /* Bolts.framework in Frameworks */,
				70B9F3291BA8D23300C5FCC7 /* Parse.framework in Frameworks */,
				70B9F32A1BA8D23300C5FCC7 /* ParseCrashReporting.framework in Frameworks */,
				70B9F32B1BA8D23300C5FCC7 /* ParseFacebookUtils.framework in Frameworks */,
				70B9F32C1BA8D23300C5FCC7 /* ParseFacebookUtilsV4.framework in Frameworks */,
				70B9F32D1BA8D23300C5FCC7 /* ParseUI.framework in Frameworks */,
			);
			runOnlyForDeploymentPostprocessing = 0;
		};
		70DD7DF31B72C7FB00F5835F /* Frameworks */ = {
			isa = PBXFrameworksBuildPhase;
			buildActionMask = 2147483647;
			files = (
			);
			runOnlyForDeploymentPostprocessing = 0;
		};
/* End PBXFrameworksBuildPhase section */

/* Begin PBXGroup section */
		70B9F3211BA8C0BC00C5FCC7 /* Frameworks */ = {
			isa = PBXGroup;
			children = (
				70B9F3461BA8D3DC00C5FCC7 /* Foundation.framework */,
				70B9F3441BA8D3D500C5FCC7 /* UIKit.framework */,
				70B9F3421BA8D3CB00C5FCC7 /* CFNetwork.framework */,
				70B9F3401BA8D3C400C5FCC7 /* SystemConfiguration.framework */,
				70B9F33E1BA8D3B800C5FCC7 /* AudioToolbox.framework */,
				70B9F33C1BA8D3AF00C5FCC7 /* Security.framework */,
				70B9F33A1BA8D3A800C5FCC7 /* libz.1.1.3.dylib */,
				70B9F3381BA8D39E00C5FCC7 /* QuartzCore.framework */,
				70B9F3361BA8D39300C5FCC7 /* libsqlite3.dylib */,
				70B9F3341BA8D38400C5FCC7 /* libstdc++.6.dylib */,
				70B9F3321BA8D36E00C5FCC7 /* CoreGraphics.framework */,
				70B9F3301BA8D36200C5FCC7 /* StoreKit.framework */,
				70B9F32E1BA8D24C00C5FCC7 /* CoreLocation.framework */,
				70B9F3221BA8D23300C5FCC7 /* Bolts.framework */,
				70B9F3231BA8D23300C5FCC7 /* Parse.framework */,
				70B9F3241BA8D23300C5FCC7 /* ParseCrashReporting.framework */,
				70B9F3251BA8D23300C5FCC7 /* ParseFacebookUtils.framework */,
				70B9F3261BA8D23300C5FCC7 /* ParseFacebookUtilsV4.framework */,
				70B9F3271BA8D23300C5FCC7 /* ParseUI.framework */,
			);
			name = Frameworks;
			sourceTree = "<group>";
		};
		70DD7DCF1B72C7FA00F5835F = {
			isa = PBXGroup;
			children = (
				70DD7DDA1B72C7FB00F5835F /* MGDProject */,
				70DD7DF91B72C7FB00F5835F /* MGDProjectTests */,
				70B9F3211BA8C0BC00C5FCC7 /* Frameworks */,
				70DD7DD91B72C7FB00F5835F /* Products */,
			);
			sourceTree = "<group>";
		};
		70DD7DD91B72C7FB00F5835F /* Products */ = {
			isa = PBXGroup;
			children = (
				70DD7DD81B72C7FB00F5835F /* MGDProject.app */,
				70DD7DF61B72C7FB00F5835F /* MGDProjectTests.xctest */,
			);
			name = Products;
			sourceTree = "<group>";
		};
		70DD7DDA1B72C7FB00F5835F /* MGDProject */ = {
			isa = PBXGroup;
			children = (
				70B9F3531BB0B18E00C5FCC7 /* LeaderboardButtonImage.png */,
				70B9F31F1BA4647D00C5FCC7 /* footsteps1.wav */,
				70B9F31D1BA4638100C5FCC7 /* zombiesound1.wav */,
				70B9F3181B9E85A700C5FCC7 /* zombie.atlas */,
				704B7A6C1B8FC247005D7791 /* CreditInfo.png */,
				704B7A681B8EA4D9005D7791 /* Instructions.png */,
				704B7A661B8E9B3B005D7791 /* TitleImage.png */,
				704B7A641B8E88C1005D7791 /* Logo.png */,
				704B7A621B8E7B2F005D7791 /* Credits.png */,
				704B7A601B8E7A71005D7791 /* HowToPlay.png */,
				704B7A5E1B8E787B005D7791 /* Play.png */,
				70A01D961B89037000B680AD /* changing.atlas */,
				70A01D941B868B8200B680AD /* pause.png */,
				70A01D921B8682B900B680AD /* heart6.png */,
				700155361B7D55AD002DB978 /* heartbeat.wav */,
				700155341B7C4D3D002DB978 /* dude.atlas */,
				70DD7E0A1B7646A100F5835F /* background1.png */,
				70DD7E121B76C13800F5835F /* footsteps.wav */,
				70DD7E101B76743E00F5835F /* zombiesound.wav */,
				70DD7E081B75A75100F5835F /* background.png */,
				70DD7DDF1B72C7FB00F5835F /* AppDelegate.h */,
				70DD7DE01B72C7FB00F5835F /* AppDelegate.m */,
				70DD7DE21B72C7FB00F5835F /* GameScene.h */,
				70DD7DE31B72C7FB00F5835F /* GameScene.m */,
				70DD7DE51B72C7FB00F5835F /* GameScene.sks */,
				70DD7DE71B72C7FB00F5835F /* GameViewController.h */,
				70DD7DE81B72C7FB00F5835F /* GameViewController.m */,
				70DD7DEA1B72C7FB00F5835F /* Main.storyboard */,
				70DD7DED1B72C7FB00F5835F /* Images.xcassets */,
				70DD7DEF1B72C7FB00F5835F /* LaunchScreen.xib */,
				70DD7DDB1B72C7FB00F5835F /* Supporting Files */,
				70A01D981B8C723200B680AD /* GameMenuViewController.h */,
				70A01D991B8C723200B680AD /* GameMenuViewController.m */,
				70A01D9B1B8C724800B680AD /* CreditsViewController.h */,
				70A01D9C1B8C724800B680AD /* CreditsViewController.m */,
				70A01D9E1B8C725700B680AD /* InstructionsViewController.h */,
				70A01D9F1B8C725700B680AD /* InstructionsViewController.m */,
				70B9F31A1BA23F2F00C5FCC7 /* GameOverScene.h */,
				70B9F31B1BA23F2F00C5FCC7 /* GameOverScene.m */,
				70B9F34A1BAA42FA00C5FCC7 /* LeaderboardViewController.h */,
				70B9F34B1BAA42FA00C5FCC7 /* LeaderboardViewController.m */,
				70B9F34D1BAB876700C5FCC7 /* AlphaLeadViewController.h */,
				70B9F34E1BAB876700C5FCC7 /* AlphaLeadViewController.m */,
				70B9F3501BB0726F00C5FCC7 /* LoginViewController.h */,
				70B9F3511BB0726F00C5FCC7 /* LoginViewController.m */,
			);
			path = MGDProject;
			sourceTree = "<group>";
		};
		70DD7DDB1B72C7FB00F5835F /* Supporting Files */ = {
			isa = PBXGroup;
			children = (
				70DD7DDC1B72C7FB00F5835F /* Info.plist */,
				70DD7DDD1B72C7FB00F5835F /* main.m */,
			);
			name = "Supporting Files";
			sourceTree = "<group>";
		};
		70DD7DF91B72C7FB00F5835F /* MGDProjectTests */ = {
			isa = PBXGroup;
			children = (
				70DD7DFC1B72C7FB00F5835F /* MGDProjectTests.m */,
				70DD7DFA1B72C7FB00F5835F /* Supporting Files */,
			);
			path = MGDProjectTests;
			sourceTree = "<group>";
		};
		70DD7DFA1B72C7FB00F5835F /* Supporting Files */ = {
			isa = PBXGroup;
			children = (
				70DD7DFB1B72C7FB00F5835F /* Info.plist */,
			);
			name = "Supporting Files";
			sourceTree = "<group>";
		};
/* End PBXGroup section */

/* Begin PBXNativeTarget section */
		70DD7DD71B72C7FB00F5835F /* MGDProject */ = {
			isa = PBXNativeTarget;
			buildConfigurationList = 70DD7E001B72C7FB00F5835F /* Build configuration list for PBXNativeTarget "MGDProject" */;
			buildPhases = (
				70DD7DD41B72C7FB00F5835F /* Sources */,
				70DD7DD51B72C7FB00F5835F /* Frameworks */,
				70DD7DD61B72C7FB00F5835F /* Resources */,
			);
			buildRules = (
			);
			dependencies = (
			);
			name = MGDProject;
			productName = MGDProject;
			productReference = 70DD7DD81B72C7FB00F5835F /* MGDProject.app */;
			productType = "com.apple.product-type.application";
		};
		70DD7DF51B72C7FB00F5835F /* MGDProjectTests */ = {
			isa = PBXNativeTarget;
			buildConfigurationList = 70DD7E031B72C7FB00F5835F /* Build configuration list for PBXNativeTarget "MGDProjectTests" */;
			buildPhases = (
				70DD7DF21B72C7FB00F5835F /* Sources */,
				70DD7DF31B72C7FB00F5835F /* Frameworks */,
				70DD7DF41B72C7FB00F5835F /* Resources */,
			);
			buildRules = (
			);
			dependencies = (
				70DD7DF81B72C7FB00F5835F /* PBXTargetDependency */,
			);
			name = MGDProjectTests;
			productName = MGDProjectTests;
			productReference = 70DD7DF61B72C7FB00F5835F /* MGDProjectTests.xctest */;
			productType = "com.apple.product-type.bundle.unit-test";
		};
/* End PBXNativeTarget section */

/* Begin PBXProject section */
		70DD7DD01B72C7FA00F5835F /* Project object */ = {
			isa = PBXProject;
			attributes = {
				LastUpgradeCheck = 0640;
				ORGANIZATIONNAME = "Richard Pingree";
				TargetAttributes = {
					70DD7DD71B72C7FB00F5835F = {
						CreatedOnToolsVersion = 6.4;
					};
					70DD7DF51B72C7FB00F5835F = {
						CreatedOnToolsVersion = 6.4;
						TestTargetID = 70DD7DD71B72C7FB00F5835F;
					};
				};
			};
			buildConfigurationList = 70DD7DD31B72C7FA00F5835F /* Build configuration list for PBXProject "MGDProject" */;
			compatibilityVersion = "Xcode 3.2";
			developmentRegion = English;
			hasScannedForEncodings = 0;
			knownRegions = (
				en,
				Base,
			);
			mainGroup = 70DD7DCF1B72C7FA00F5835F;
			productRefGroup = 70DD7DD91B72C7FB00F5835F /* Products */;
			projectDirPath = "";
			projectRoot = "";
			targets = (
				70DD7DD71B72C7FB00F5835F /* MGDProject */,
				70DD7DF51B72C7FB00F5835F /* MGDProjectTests */,
			);
		};
/* End PBXProject section */

/* Begin PBXResourcesBuildPhase section */
		70DD7DD61B72C7FB00F5835F /* Resources */ = {
			isa = PBXResourcesBuildPhase;
			buildActionMask = 2147483647;
			files = (
				704B7A6D1B8FC247005D7791 /* CreditInfo.png in Resources */,
				70DD7E131B76C13800F5835F /* footsteps.wav in Resources */,
				700155371B7D55AD002DB978 /* heartbeat.wav in Resources */,
				70A01D951B868B8200B680AD /* pause.png in Resources */,
				70A01D971B89037000B680AD /* changing.atlas in Resources */,
				70DD7DF11B72C7FB00F5835F /* LaunchScreen.xib in Resources */,
				70DD7E091B75A75100F5835F /* background.png in Resources */,
				70DD7DEE1B72C7FB00F5835F /* Images.xcassets in Resources */,
				704B7A611B8E7A71005D7791 /* HowToPlay.png in Resources */,
				70B9F3541BB0B18E00C5FCC7 /* LeaderboardButtonImage.png in Resources */,
				70DD7E111B76743E00F5835F /* zombiesound.wav in Resources */,
				70B9F3201BA4647D00C5FCC7 /* footsteps1.wav in Resources */,
				70DD7DE61B72C7FB00F5835F /* GameScene.sks in Resources */,
				704B7A651B8E88C1005D7791 /* Logo.png in Resources */,
				704B7A691B8EA4D9005D7791 /* Instructions.png in Resources */,
				70DD7E0B1B7646A100F5835F /* background1.png in Resources */,
				704B7A671B8E9B3B005D7791 /* TitleImage.png in Resources */,
				70B9F3191B9E85A700C5FCC7 /* zombie.atlas in Resources */,
				70DD7DEC1B72C7FB00F5835F /* Main.storyboard in Resources */,
				704B7A631B8E7B2F005D7791 /* Credits.png in Resources */,
				704B7A5F1B8E787B005D7791 /* Play.png in Resources */,
				70A01D931B8682B900B680AD /* heart6.png in Resources */,
				70B9F31E1BA4638100C5FCC7 /* zombiesound1.wav in Resources */,
				700155351B7C4D3D002DB978 /* dude.atlas in Resources */,
			);
			runOnlyForDeploymentPostprocessing = 0;
		};
		70DD7DF41B72C7FB00F5835F /* Resources */ = {
			isa = PBXResourcesBuildPhase;
			buildActionMask = 2147483647;
			files = (
			);
			runOnlyForDeploymentPostprocessing = 0;
		};
/* End PBXResourcesBuildPhase section */

/* Begin PBXSourcesBuildPhase section */
		70DD7DD41B72C7FB00F5835F /* Sources */ = {
			isa = PBXSourcesBuildPhase;
			buildActionMask = 2147483647;
			files = (
				70B9F34C1BAA42FA00C5FCC7 /* LeaderboardViewController.m in Sources */,
				70A01D9A1B8C723200B680AD /* GameMenuViewController.m in Sources */,
				70DD7DE91B72C7FB00F5835F /* GameViewController.m in Sources */,
				70A01DA01B8C725700B680AD /* InstructionsViewController.m in Sources */,
				70DD7DE11B72C7FB00F5835F /* AppDelegate.m in Sources */,
				70A01D9D1B8C724800B680AD /* CreditsViewController.m in Sources */,
				70DD7DE41B72C7FB00F5835F /* GameScene.m in Sources */,
				70B9F34F1BAB876700C5FCC7 /* AlphaLeadViewController.m in Sources */,
				70B9F31C1BA23F2F00C5FCC7 /* GameOverScene.m in Sources */,
				70B9F3521BB0726F00C5FCC7 /* LoginViewController.m in Sources */,
				70DD7DDE1B72C7FB00F5835F /* main.m in Sources */,
			);
			runOnlyForDeploymentPostprocessing = 0;
		};
		70DD7DF21B72C7FB00F5835F /* Sources */ = {
			isa = PBXSourcesBuildPhase;
			buildActionMask = 2147483647;
			files = (
				70DD7DFD1B72C7FB00F5835F /* MGDProjectTests.m in Sources */,
			);
			runOnlyForDeploymentPostprocessing = 0;
		};
/* End PBXSourcesBuildPhase section */

/* Begin PBXTargetDependency section */
		70DD7DF81B72C7FB00F5835F /* PBXTargetDependency */ = {
			isa = PBXTargetDependency;
			target = 70DD7DD71B72C7FB00F5835F /* MGDProject */;
			targetProxy = 70DD7DF71B72C7FB00F5835F /* PBXContainerItemProxy */;
		};
/* End PBXTargetDependency section */

/* Begin PBXVariantGroup section */
		70DD7DEA1B72C7FB00F5835F /* Main.storyboard */ = {
			isa = PBXVariantGroup;
			children = (
				70DD7DEB1B72C7FB00F5835F /* Base */,
			);
			name = Main.storyboard;
			sourceTree = "<group>";
		};
		70DD7DEF1B72C7FB00F5835F /* LaunchScreen.xib */ = {
			isa = PBXVariantGroup;
			children = (
				70DD7DF01B72C7FB00F5835F /* Base */,
			);
			name = LaunchScreen.xib;
			sourceTree = "<group>";
		};
/* End PBXVariantGroup section */

/* Begin XCBuildConfiguration section */
		70DD7DFE1B72C7FB00F5835F /* Debug */ = {
			isa = XCBuildConfiguration;
			buildSettings = {
				ALWAYS_SEARCH_USER_PATHS = NO;
				CLANG_CXX_LANGUAGE_STANDARD = "gnu++0x";
				CLANG_CXX_LIBRARY = "libc++";
				CLANG_ENABLE_MODULES = YES;
				CLANG_ENABLE_OBJC_ARC = YES;
				CLANG_WARN_BOOL_CONVERSION = YES;
				CLANG_WARN_CONSTANT_CONVERSION = YES;
				CLANG_WARN_DIRECT_OBJC_ISA_USAGE = YES_ERROR;
				CLANG_WARN_EMPTY_BODY = YES;
				CLANG_WARN_ENUM_CONVERSION = YES;
				CLANG_WARN_INT_CONVERSION = YES;
				CLANG_WARN_OBJC_ROOT_CLASS = YES_ERROR;
				CLANG_WARN_UNREACHABLE_CODE = YES;
				CLANG_WARN__DUPLICATE_METHOD_MATCH = YES;
				"CODE_SIGN_IDENTITY[sdk=iphoneos*]" = "iPhone Developer";
				COPY_PHASE_STRIP = NO;
				DEBUG_INFORMATION_FORMAT = "dwarf-with-dsym";
				ENABLE_STRICT_OBJC_MSGSEND = YES;
				GCC_C_LANGUAGE_STANDARD = gnu99;
				GCC_DYNAMIC_NO_PIC = NO;
				GCC_NO_COMMON_BLOCKS = YES;
				GCC_OPTIMIZATION_LEVEL = 0;
				GCC_PREPROCESSOR_DEFINITIONS = (
					"DEBUG=1",
					"$(inherited)",
				);
				GCC_SYMBOLS_PRIVATE_EXTERN = NO;
				GCC_WARN_64_TO_32_BIT_CONVERSION = YES;
				GCC_WARN_ABOUT_RETURN_TYPE = YES_ERROR;
				GCC_WARN_UNDECLARED_SELECTOR = YES;
				GCC_WARN_UNINITIALIZED_AUTOS = YES_AGGRESSIVE;
				GCC_WARN_UNUSED_FUNCTION = YES;
				GCC_WARN_UNUSED_VARIABLE = YES;
				IPHONEOS_DEPLOYMENT_TARGET = 8.4;
				MTL_ENABLE_DEBUG_INFO = YES;
				ONLY_ACTIVE_ARCH = YES;
				SDKROOT = iphoneos;
				TARGETED_DEVICE_FAMILY = "1,2";
			};
			name = Debug;
		};
		70DD7DFF1B72C7FB00F5835F /* Release */ = {
			isa = XCBuildConfiguration;
			buildSettings = {
				ALWAYS_SEARCH_USER_PATHS = NO;
				CLANG_CXX_LANGUAGE_STANDARD = "gnu++0x";
				CLANG_CXX_LIBRARY = "libc++";
				CLANG_ENABLE_MODULES = YES;
				CLANG_ENABLE_OBJC_ARC = YES;
				CLANG_WARN_BOOL_CONVERSION = YES;
				CLANG_WARN_CONSTANT_CONVERSION = YES;
				CLANG_WARN_DIRECT_OBJC_ISA_USAGE = YES_ERROR;
				CLANG_WARN_EMPTY_BODY = YES;
				CLANG_WARN_ENUM_CONVERSION = YES;
				CLANG_WARN_INT_CONVERSION = YES;
				CLANG_WARN_OBJC_ROOT_CLASS = YES_ERROR;
				CLANG_WARN_UNREACHABLE_CODE = YES;
				CLANG_WARN__DUPLICATE_METHOD_MATCH = YES;
				"CODE_SIGN_IDENTITY[sdk=iphoneos*]" = "iPhone Developer";
				COPY_PHASE_STRIP = NO;
				DEBUG_INFORMATION_FORMAT = "dwarf-with-dsym";
				ENABLE_NS_ASSERTIONS = NO;
				ENABLE_STRICT_OBJC_MSGSEND = YES;
				GCC_C_LANGUAGE_STANDARD = gnu99;
				GCC_NO_COMMON_BLOCKS = YES;
				GCC_WARN_64_TO_32_BIT_CONVERSION = YES;
				GCC_WARN_ABOUT_RETURN_TYPE = YES_ERROR;
				GCC_WARN_UNDECLARED_SELECTOR = YES;
				GCC_WARN_UNINITIALIZED_AUTOS = YES_AGGRESSIVE;
				GCC_WARN_UNUSED_FUNCTION = YES;
				GCC_WARN_UNUSED_VARIABLE = YES;
				IPHONEOS_DEPLOYMENT_TARGET = 8.4;
				MTL_ENABLE_DEBUG_INFO = NO;
				SDKROOT = iphoneos;
				TARGETED_DEVICE_FAMILY = "1,2";
				VALIDATE_PRODUCT = YES;
			};
			name = Release;
		};
		70DD7E011B72C7FB00F5835F /* Debug */ = {
			isa = XCBuildConfiguration;
			buildSettings = {
				ASSETCATALOG_COMPILER_APPICON_NAME = AppIcon;
				FRAMEWORK_SEARCH_PATHS = (
					"$(inherited)",
					/Users/richardpingree/Desktop/untitled,
					folder,
					2,
				);
				INFOPLIST_FILE = MGDProject/Info.plist;
				LD_RUNPATH_SEARCH_PATHS = "$(inherited) @executable_path/Frameworks";
				PRODUCT_NAME = "$(TARGET_NAME)";
				TARGETED_DEVICE_FAMILY = "1,2";
			};
			name = Debug;
		};
		70DD7E021B72C7FB00F5835F /* Release */ = {
			isa = XCBuildConfiguration;
			buildSettings = {
				ASSETCATALOG_COMPILER_APPICON_NAME = AppIcon;
				FRAMEWORK_SEARCH_PATHS = (
					"$(inherited)",
					/Users/richardpingree/Desktop/untitled,
					folder,
					2,
				);
				INFOPLIST_FILE = MGDProject/Info.plist;
				LD_RUNPATH_SEARCH_PATHS = "$(inherited) @executable_path/Frameworks";
				PRODUCT_NAME = "$(TARGET_NAME)";
				TARGETED_DEVICE_FAMILY = "1,2";
			};
			name = Release;
		};
		70DD7E041B72C7FB00F5835F /* Debug */ = {
			isa = XCBuildConfiguration;
			buildSettings = {
				BUNDLE_LOADER = "$(TEST_HOST)";
				FRAMEWORK_SEARCH_PATHS = (
					"$(SDKROOT)/Developer/Library/Frameworks",
					"$(inherited)",
				);
				GCC_PREPROCESSOR_DEFINITIONS = (
					"DEBUG=1",
					"$(inherited)",
				);
				INFOPLIST_FILE = MGDProjectTests/Info.plist;
				LD_RUNPATH_SEARCH_PATHS = "$(inherited) @executable_path/Frameworks @loader_path/Frameworks";
				PRODUCT_NAME = "$(TARGET_NAME)";
				TEST_HOST = "$(BUILT_PRODUCTS_DIR)/MGDProject.app/MGDProject";
			};
			name = Debug;
		};
		70DD7E051B72C7FB00F5835F /* Release */ = {
			isa = XCBuildConfiguration;
			buildSettings = {
				BUNDLE_LOADER = "$(TEST_HOST)";
				FRAMEWORK_SEARCH_PATHS = (
					"$(SDKROOT)/Developer/Library/Frameworks",
					"$(inherited)",
				);
				INFOPLIST_FILE = MGDProjectTests/Info.plist;
				LD_RUNPATH_SEARCH_PATHS = "$(inherited) @executable_path/Frameworks @loader_path/Frameworks";
				PRODUCT_NAME = "$(TARGET_NAME)";
				TEST_HOST = "$(BUILT_PRODUCTS_DIR)/MGDProject.app/MGDProject";
			};
			name = Release;
		};
/* End XCBuildConfiguration section */

/* Begin XCConfigurationList section */
		70DD7DD31B72C7FA00F5835F /* Build configuration list for PBXProject "MGDProject" */ = {
			isa = XCConfigurationList;
			buildConfigurations = (
				70DD7DFE1B72C7FB00F5835F /* Debug */,
				70DD7DFF1B72C7FB00F5835F /* Release */,
			);
			defaultConfigurationIsVisible = 0;
			defaultConfigurationName = Release;
		};
		70DD7E001B72C7FB00F5835F /* Build configuration list for PBXNativeTarget "MGDProject" */ = {
			isa = XCConfigurationList;
			buildConfigurations = (
				70DD7E011B72C7FB00F5835F /* Debug */,
				70DD7E021B72C7FB00F5835F /* Release */,
			);
			defaultConfigurationIsVisible = 0;
			defaultConfigurationName = Release;
		};
		70DD7E031B72C7FB00F5835F /* Build configuration list for PBXNativeTarget "MGDProjectTests" */ = {
			isa = XCConfigurationList;
			buildConfigurations = (
				70DD7E041B72C7FB00F5835F /* Debug */,
				70DD7E051B72C7FB00F5835F /* Release */,
			);
			defaultConfigurationIsVisible = 0;
			defaultConfigurationName = Release;
		};
/* End XCConfigurationList section */
	};
	rootObject = 70DD7DD01B72C7FA00F5835F /* Project object */;
}
